// !$*UTF8*$!
{
	archiveVersion = 1;
	classes = {
	};
	objectVersion = 50;
	objects = {

/* Begin PBXBuildFile section */
		5824D3C32336B36200C3C95E /* ConnectionDetailCellTableViewCell.swift in Sources */ = {isa = PBXBuildFile; fileRef = 5824D3C12336B36200C3C95E /* ConnectionDetailCellTableViewCell.swift */; };
		5824D3C42336B36200C3C95E /* ConnectionDetailCellTableViewCell.xib in Resources */ = {isa = PBXBuildFile; fileRef = 5824D3C22336B36200C3C95E /* ConnectionDetailCellTableViewCell.xib */; };
		58654E3D23366373009EF37F /* AppDelegate.swift in Sources */ = {isa = PBXBuildFile; fileRef = 58654E3C23366373009EF37F /* AppDelegate.swift */; };
		58654E3F23366373009EF37F /* ViewController.swift in Sources */ = {isa = PBXBuildFile; fileRef = 58654E3E23366373009EF37F /* ViewController.swift */; };
		58654E4223366373009EF37F /* Main.storyboard in Resources */ = {isa = PBXBuildFile; fileRef = 58654E4023366373009EF37F /* Main.storyboard */; };
		58654E4423366375009EF37F /* Assets.xcassets in Resources */ = {isa = PBXBuildFile; fileRef = 58654E4323366375009EF37F /* Assets.xcassets */; };
		58654E4723366375009EF37F /* LaunchScreen.storyboard in Resources */ = {isa = PBXBuildFile; fileRef = 58654E4523366375009EF37F /* LaunchScreen.storyboard */; };
		58654E502336638D009EF37F /* Model.swift in Sources */ = {isa = PBXBuildFile; fileRef = 58654E4F2336638D009EF37F /* Model.swift */; };
		58654E5323366426009EF37F /* devices.json in Resources */ = {isa = PBXBuildFile; fileRef = 58654E5223366426009EF37F /* devices.json */; };
		58654E5623366448009EF37F /* DeviceViewModel.swift in Sources */ = {isa = PBXBuildFile; fileRef = 58654E5523366448009EF37F /* DeviceViewModel.swift */; };
		58654E5B233699C7009EF37F /* ElevateButton.swift in Sources */ = {isa = PBXBuildFile; fileRef = 58654E5A233699C7009EF37F /* ElevateButton.swift */; };
		58654E5D23369C98009EF37F /* ElevateRoundedView.swift in Sources */ = {isa = PBXBuildFile; fileRef = 58654E5C23369C98009EF37F /* ElevateRoundedView.swift */; };
		58E292AE2336C5E9001762E4 /* DetailViewController.swift in Sources */ = {isa = PBXBuildFile; fileRef = 58E292AD2336C5E9001762E4 /* DetailViewController.swift */; };
		58E292B02336C613001762E4 /* FamilyTableViewController.swift in Sources */ = {isa = PBXBuildFile; fileRef = 58E292AF2336C613001762E4 /* FamilyTableViewController.swift */; };
/* End PBXBuildFile section */

/* Begin PBXFileReference section */
		5824D3C12336B36200C3C95E /* ConnectionDetailCellTableViewCell.swift */ = {isa = PBXFileReference; lastKnownFileType = sourcecode.swift; path = ConnectionDetailCellTableViewCell.swift; sourceTree = "<group>"; };
		5824D3C22336B36200C3C95E /* ConnectionDetailCellTableViewCell.xib */ = {isa = PBXFileReference; lastKnownFileType = file.xib; path = ConnectionDetailCellTableViewCell.xib; sourceTree = "<group>"; };
		58654E3923366373009EF37F /* ElevateTechJam.app */ = {isa = PBXFileReference; explicitFileType = wrapper.application; includeInIndex = 0; path = ElevateTechJam.app; sourceTree = BUILT_PRODUCTS_DIR; };
		58654E3C23366373009EF37F /* AppDelegate.swift */ = {isa = PBXFileReference; lastKnownFileType = sourcecode.swift; path = AppDelegate.swift; sourceTree = "<group>"; };
		58654E3E23366373009EF37F /* ViewController.swift */ = {isa = PBXFileReference; lastKnownFileType = sourcecode.swift; path = ViewController.swift; sourceTree = "<group>"; };
		58654E4123366373009EF37F /* Base */ = {isa = PBXFileReference; lastKnownFileType = file.storyboard; name = Base; path = Base.lproj/Main.storyboard; sourceTree = "<group>"; };
		58654E4323366375009EF37F /* Assets.xcassets */ = {isa = PBXFileReference; lastKnownFileType = folder.assetcatalog; path = Assets.xcassets; sourceTree = "<group>"; };
		58654E4623366375009EF37F /* Base */ = {isa = PBXFileReference; lastKnownFileType = file.storyboard; name = Base; path = Base.lproj/LaunchScreen.storyboard; sourceTree = "<group>"; };
		58654E4823366375009EF37F /* Info.plist */ = {isa = PBXFileReference; lastKnownFileType = text.plist.xml; path = Info.plist; sourceTree = "<group>"; };
		58654E4F2336638D009EF37F /* Model.swift */ = {isa = PBXFileReference; lastKnownFileType = sourcecode.swift; path = Model.swift; sourceTree = "<group>"; };
		58654E5223366426009EF37F /* devices.json */ = {isa = PBXFileReference; fileEncoding = 4; lastKnownFileType = text.json; path = devices.json; sourceTree = "<group>"; };
		58654E5523366448009EF37F /* DeviceViewModel.swift */ = {isa = PBXFileReference; lastKnownFileType = sourcecode.swift; path = DeviceViewModel.swift; sourceTree = "<group>"; };
		58654E5A233699C7009EF37F /* ElevateButton.swift */ = {isa = PBXFileReference; lastKnownFileType = sourcecode.swift; path = ElevateButton.swift; sourceTree = "<group>"; };
		58654E5C23369C98009EF37F /* ElevateRoundedView.swift */ = {isa = PBXFileReference; lastKnownFileType = sourcecode.swift; path = ElevateRoundedView.swift; sourceTree = "<group>"; };
		58E292AD2336C5E9001762E4 /* DetailViewController.swift */ = {isa = PBXFileReference; lastKnownFileType = sourcecode.swift; path = DetailViewController.swift; sourceTree = "<group>"; };
		58E292AF2336C613001762E4 /* FamilyTableViewController.swift */ = {isa = PBXFileReference; lastKnownFileType = sourcecode.swift; path = FamilyTableViewController.swift; sourceTree = "<group>"; };
/* End PBXFileReference section */

/* Begin PBXFrameworksBuildPhase section */
		58654E3623366373009EF37F /* Frameworks */ = {
			isa = PBXFrameworksBuildPhase;
			buildActionMask = 2147483647;
			files = (
			);
			runOnlyForDeploymentPostprocessing = 0;
		};
/* End PBXFrameworksBuildPhase section */

/* Begin PBXGroup section */
		58654E3023366373009EF37F = {
			isa = PBXGroup;
			children = (
				58654E3B23366373009EF37F /* ElevateTechJam */,
				58654E3A23366373009EF37F /* Products */,
			);
			sourceTree = "<group>";
		};
		58654E3A23366373009EF37F /* Products */ = {
			isa = PBXGroup;
			children = (
				58654E3923366373009EF37F /* ElevateTechJam.app */,
			);
			name = Products;
			sourceTree = "<group>";
		};
		58654E3B23366373009EF37F /* ElevateTechJam */ = {
			isa = PBXGroup;
			children = (
				58654E5423366435009EF37F /* ViewModel */,
				58654E4E2336637E009EF37F /* Model */,
				58654E3C23366373009EF37F /* AppDelegate.swift */,
				58654E3E23366373009EF37F /* ViewController.swift */,
				58654E4023366373009EF37F /* Main.storyboard */,
				58654E4323366375009EF37F /* Assets.xcassets */,
				58654E4523366375009EF37F /* LaunchScreen.storyboard */,
				58654E4823366375009EF37F /* Info.plist */,
				58654E5A233699C7009EF37F /* ElevateButton.swift */,
				58654E5C23369C98009EF37F /* ElevateRoundedView.swift */,
				58E292AD2336C5E9001762E4 /* DetailViewController.swift */,
				58E292AF2336C613001762E4 /* FamilyTableViewController.swift */,
			);
			path = ElevateTechJam;
			sourceTree = "<group>";
		};
		58654E4E2336637E009EF37F /* Model */ = {
			isa = PBXGroup;
			children = (
				58654E5223366426009EF37F /* devices.json */,
				58654E4F2336638D009EF37F /* Model.swift */,
				5824D3C12336B36200C3C95E /* ConnectionDetailCellTableViewCell.swift */,
				5824D3C22336B36200C3C95E /* ConnectionDetailCellTableViewCell.xib */,
			);
			path = Model;
			sourceTree = "<group>";
		};
		58654E5423366435009EF37F /* ViewModel */ = {
			isa = PBXGroup;
			children = (
				58654E5523366448009EF37F /* DeviceViewModel.swift */,
			);
			path = ViewModel;
			sourceTree = "<group>";
		};
/* End PBXGroup section */

/* Begin PBXNativeTarget section */
		58654E3823366373009EF37F /* ElevateTechJam */ = {
			isa = PBXNativeTarget;
			buildConfigurationList = 58654E4B23366375009EF37F /* Build configuration list for PBXNativeTarget "ElevateTechJam" */;
			buildPhases = (
				58654E3523366373009EF37F /* Sources */,
				58654E3623366373009EF37F /* Frameworks */,
				58654E3723366373009EF37F /* Resources */,
			);
			buildRules = (
			);
			dependencies = (
			);
			name = ElevateTechJam;
			productName = ElevateTechJam;
			productReference = 58654E3923366373009EF37F /* ElevateTechJam.app */;
			productType = "com.apple.product-type.application";
		};
/* End PBXNativeTarget section */

/* Begin PBXProject section */
		58654E3123366373009EF37F /* Project object */ = {
			isa = PBXProject;
			attributes = {
				LastSwiftUpdateCheck = 1030;
				LastUpgradeCheck = 1030;
				ORGANIZATIONNAME = TD;
				TargetAttributes = {
					58654E3823366373009EF37F = {
						CreatedOnToolsVersion = 10.3;
					};
				};
			};
			buildConfigurationList = 58654E3423366373009EF37F /* Build configuration list for PBXProject "ElevateTechJam" */;
			compatibilityVersion = "Xcode 9.3";
			developmentRegion = en;
			hasScannedForEncodings = 0;
			knownRegions = (
				en,
				Base,
			);
			mainGroup = 58654E3023366373009EF37F;
			productRefGroup = 58654E3A23366373009EF37F /* Products */;
			projectDirPath = "";
			projectRoot = "";
			targets = (
				58654E3823366373009EF37F /* ElevateTechJam */,
			);
		};
/* End PBXProject section */

/* Begin PBXResourcesBuildPhase section */
		58654E3723366373009EF37F /* Resources */ = {
			isa = PBXResourcesBuildPhase;
			buildActionMask = 2147483647;
			files = (
				58654E4723366375009EF37F /* LaunchScreen.storyboard in Resources */,
				58654E4423366375009EF37F /* Assets.xcassets in Resources */,
				58654E4223366373009EF37F /* Main.storyboard in Resources */,
				58654E5323366426009EF37F /* devices.json in Resources */,
				5824D3C42336B36200C3C95E /* ConnectionDetailCellTableViewCell.xib in Resources */,
			);
			runOnlyForDeploymentPostprocessing = 0;
		};
/* End PBXResourcesBuildPhase section */

/* Begin PBXSourcesBuildPhase section */
		58654E3523366373009EF37F /* Sources */ = {
			isa = PBXSourcesBuildPhase;
			buildActionMask = 2147483647;
			files = (
				58654E5623366448009EF37F /* DeviceViewModel.swift in Sources */,
				58654E5D23369C98009EF37F /* ElevateRoundedView.swift in Sources */,
				58654E502336638D009EF37F /* Model.swift in Sources */,
				58E292B02336C613001762E4 /* FamilyTableViewController.swift in Sources */,
				5824D3C32336B36200C3C95E /* ConnectionDetailCellTableViewCell.swift in Sources */,
				58654E5B233699C7009EF37F /* ElevateButton.swift in Sources */,
				58654E3F23366373009EF37F /* ViewController.swift in Sources */,
				58654E3D23366373009EF37F /* AppDelegate.swift in Sources */,
				58E292AE2336C5E9001762E4 /* DetailViewController.swift in Sources */,
			);
			runOnlyForDeploymentPostprocessing = 0;
		};
/* End PBXSourcesBuildPhase section */

/* Begin PBXVariantGroup section */
		58654E4023366373009EF37F /* Main.storyboard */ = {
			isa = PBXVariantGroup;
			children = (
				58654E4123366373009EF37F /* Base */,
			);
			name = Main.storyboard;
			sourceTree = "<group>";
		};
		58654E4523366375009EF37F /* LaunchScreen.storyboard */ = {
			isa = PBXVariantGroup;
			children = (
				58654E4623366375009EF37F /* Base */,
			);
			name = LaunchScreen.storyboard;
			sourceTree = "<group>";
		};
/* End PBXVariantGroup section */

/* Begin XCBuildConfiguration section */
		58654E4923366375009EF37F /* Debug */ = {
			isa = XCBuildConfiguration;
			buildSettings = {
				ALWAYS_SEARCH_USER_PATHS = NO;
				CLANG_ANALYZER_NONNULL = YES;
				CLANG_ANALYZER_NUMBER_OBJECT_CONVERSION = YES_AGGRESSIVE;
				CLANG_CXX_LANGUAGE_STANDARD = "gnu++14";
				CLANG_CXX_LIBRARY = "libc++";
				CLANG_ENABLE_MODULES = YES;
				CLANG_ENABLE_OBJC_ARC = YES;
				CLANG_ENABLE_OBJC_WEAK = YES;
				CLANG_WARN_BLOCK_CAPTURE_AUTORELEASING = YES;
				CLANG_WARN_BOOL_CONVERSION = YES;
				CLANG_WARN_COMMA = YES;
				CLANG_WARN_CONSTANT_CONVERSION = YES;
				CLANG_WARN_DEPRECATED_OBJC_IMPLEMENTATIONS = YES;
				CLANG_WARN_DIRECT_OBJC_ISA_USAGE = YES_ERROR;
				CLANG_WARN_DOCUMENTATION_COMMENTS = YES;
				CLANG_WARN_EMPTY_BODY = YES;
				CLANG_WARN_ENUM_CONVERSION = YES;
				CLANG_WARN_INFINITE_RECURSION = YES;
				CLANG_WARN_INT_CONVERSION = YES;
				CLANG_WARN_NON_LITERAL_NULL_CONVERSION = YES;
				CLANG_WARN_OBJC_IMPLICIT_RETAIN_SELF = YES;
				CLANG_WARN_OBJC_LITERAL_CONVERSION = YES;
				CLANG_WARN_OBJC_ROOT_CLASS = YES_ERROR;
				CLANG_WARN_RANGE_LOOP_ANALYSIS = YES;
				CLANG_WARN_STRICT_PROTOTYPES = YES;
				CLANG_WARN_SUSPICIOUS_MOVE = YES;
				CLANG_WARN_UNGUARDED_AVAILABILITY = YES_AGGRESSIVE;
				CLANG_WARN_UNREACHABLE_CODE = YES;
				CLANG_WARN__DUPLICATE_METHOD_MATCH = YES;
				CODE_SIGN_IDENTITY = "iPhone Developer";
				COPY_PHASE_STRIP = NO;
				DEBUG_INFORMATION_FORMAT = dwarf;
				ENABLE_STRICT_OBJC_MSGSEND = YES;
				ENABLE_TESTABILITY = YES;
				GCC_C_LANGUAGE_STANDARD = gnu11;
				GCC_DYNAMIC_NO_PIC = NO;
				GCC_NO_COMMON_BLOCKS = YES;
				GCC_OPTIMIZATION_LEVEL = 0;
				GCC_PREPROCESSOR_DEFINITIONS = (
					"DEBUG=1",
					"$(inherited)",
				);
				GCC_WARN_64_TO_32_BIT_CONVERSION = YES;
				GCC_WARN_ABOUT_RETURN_TYPE = YES_ERROR;
				GCC_WARN_UNDECLARED_SELECTOR = YES;
				GCC_WARN_UNINITIALIZED_AUTOS = YES_AGGRESSIVE;
				GCC_WARN_UNUSED_FUNCTION = YES;
				GCC_WARN_UNUSED_VARIABLE = YES;
				IPHONEOS_DEPLOYMENT_TARGET = 12.4;
				MTL_ENABLE_DEBUG_INFO = INCLUDE_SOURCE;
				MTL_FAST_MATH = YES;
				ONLY_ACTIVE_ARCH = YES;
				SDKROOT = iphoneos;
				SWIFT_ACTIVE_COMPILATION_CONDITIONS = DEBUG;
				SWIFT_OPTIMIZATION_LEVEL = "-Onone";
			};
			name = Debug;
		};
		58654E4A23366375009EF37F /* Release */ = {
			isa = XCBuildConfiguration;
			buildSettings = {
				ALWAYS_SEARCH_USER_PATHS = NO;
				CLANG_ANALYZER_NONNULL = YES;
				CLANG_ANALYZER_NUMBER_OBJECT_CONVERSION = YES_AGGRESSIVE;
				CLANG_CXX_LANGUAGE_STANDARD = "gnu++14";
				CLANG_CXX_LIBRARY = "libc++";
				CLANG_ENABLE_MODULES = YES;
				CLANG_ENABLE_OBJC_ARC = YES;
				CLANG_ENABLE_OBJC_WEAK = YES;
				CLANG_WARN_BLOCK_CAPTURE_AUTORELEASING = YES;
				CLANG_WARN_BOOL_CONVERSION = YES;
				CLANG_WARN_COMMA = YES;
				CLANG_WARN_CONSTANT_CONVERSION = YES;
				CLANG_WARN_DEPRECATED_OBJC_IMPLEMENTATIONS = YES;
				CLANG_WARN_DIRECT_OBJC_ISA_USAGE = YES_ERROR;
				CLANG_WARN_DOCUMENTATION_COMMENTS = YES;
				CLANG_WARN_EMPTY_BODY = YES;
				CLANG_WARN_ENUM_CONVERSION = YES;
				CLANG_WARN_INFINITE_RECURSION = YES;
				CLANG_WARN_INT_CONVERSION = YES;
				CLANG_WARN_NON_LITERAL_NULL_CONVERSION = YES;
				CLANG_WARN_OBJC_IMPLICIT_RETAIN_SELF = YES;
				CLANG_WARN_OBJC_LITERAL_CONVERSION = YES;
				CLANG_WARN_OBJC_ROOT_CLASS = YES_ERROR;
				CLANG_WARN_RANGE_LOOP_ANALYSIS = YES;
				CLANG_WARN_STRICT_PROTOTYPES = YES;
				CLANG_WARN_SUSPICIOUS_MOVE = YES;
				CLANG_WARN_UNGUARDED_AVAILABILITY = YES_AGGRESSIVE;
				CLANG_WARN_UNREACHABLE_CODE = YES;
				CLANG_WARN__DUPLICATE_METHOD_MATCH = YES;
				CODE_SIGN_IDENTITY = "iPhone Developer";
				COPY_PHASE_STRIP = NO;
				DEBUG_INFORMATION_FORMAT = "dwarf-with-dsym";
				ENABLE_NS_ASSERTIONS = NO;
				ENABLE_STRICT_OBJC_MSGSEND = YES;
				GCC_C_LANGUAGE_STANDARD = gnu11;
				GCC_NO_COMMON_BLOCKS = YES;
				GCC_WARN_64_TO_32_BIT_CONVERSION = YES;
				GCC_WARN_ABOUT_RETURN_TYPE = YES_ERROR;
				GCC_WARN_UNDECLARED_SELECTOR = YES;
				GCC_WARN_UNINITIALIZED_AUTOS = YES_AGGRESSIVE;
				GCC_WARN_UNUSED_FUNCTION = YES;
				GCC_WARN_UNUSED_VARIABLE = YES;
				IPHONEOS_DEPLOYMENT_TARGET = 12.4;
				MTL_ENABLE_DEBUG_INFO = NO;
				MTL_FAST_MATH = YES;
				SDKROOT = iphoneos;
				SWIFT_COMPILATION_MODE = wholemodule;
				SWIFT_OPTIMIZATION_LEVEL = "-O";
				VALIDATE_PRODUCT = YES;
			};
			name = Release;
		};
		58654E4C23366375009EF37F /* Debug */ = {
			isa = XCBuildConfiguration;
			buildSettings = {
				ASSETCATALOG_COMPILER_APPICON_NAME = AppIcon;
				CODE_SIGN_STYLE = Automatic;
				DEVELOPMENT_TEAM = 4W28ST4Z9D;
				INFOPLIST_FILE = ElevateTechJam/Info.plist;
				LD_RUNPATH_SEARCH_PATHS = (
					"$(inherited)",
					"@executable_path/Frameworks",
				);
				PRODUCT_BUNDLE_IDENTIFIER = TechJam.ElevateTechJam;
				PRODUCT_NAME = "$(TARGET_NAME)";
				SWIFT_VERSION = 5.0;
				TARGETED_DEVICE_FAMILY = "1,2";
			};
			name = Debug;
		};
		58654E4D23366375009EF37F /* Release */ = {
			isa = XCBuildConfiguration;
			buildSettings = {
				ASSETCATALOG_COMPILER_APPICON_NAME = AppIcon;
				CODE_SIGN_STYLE = Automatic;
				DEVELOPMENT_TEAM = 4W28ST4Z9D;
				INFOPLIST_FILE = ElevateTechJam/Info.plist;
				LD_RUNPATH_SEARCH_PATHS = (
					"$(inherited)",
					"@executable_path/Frameworks",
				);
				PRODUCT_BUNDLE_IDENTIFIER = TechJam.ElevateTechJam;
				PRODUCT_NAME = "$(TARGET_NAME)";
				SWIFT_VERSION = 5.0;
				TARGETED_DEVICE_FAMILY = "1,2";
			};
			name = Release;
		};
/* End XCBuildConfiguration section */

/* Begin XCConfigurationList section */
		58654E3423366373009EF37F /* Build configuration list for PBXProject "ElevateTechJam" */ = {
			isa = XCConfigurationList;
			buildConfigurations = (
				58654E4923366375009EF37F /* Debug */,
				58654E4A23366375009EF37F /* Release */,
			);
			defaultConfigurationIsVisible = 0;
			defaultConfigurationName = Release;
		};
		58654E4B23366375009EF37F /* Build configuration list for PBXNativeTarget "ElevateTechJam" */ = {
			isa = XCConfigurationList;
			buildConfigurations = (
				58654E4C23366375009EF37F /* Debug */,
				58654E4D23366375009EF37F /* Release */,
			);
			defaultConfigurationIsVisible = 0;
			defaultConfigurationName = Release;
		};
/* End XCConfigurationList section */
	};
	rootObject = 58654E3123366373009EF37F /* Project object */;
}
